
Microsoft Visual Studio Solution File, Format Version 12.00
# Visual Studio Version 16
VisualStudioVersion = 16.0.31624.102
MinimumVisualStudioVersion = 10.0.40219.1
Project("{FAE04EC0-301F-11D3-BF4B-00C04F79EFBC}") = "SuperDuperGame", "SuperDuperGame\SuperDuperGame.csproj", "{5B3E825A-7DCB-439F-B075-5B5B970B7FBA}"
EndProject
Project("{FAE04EC0-301F-11D3-BF4B-00C04F79EFBC}") = "SuperDuperGame.Model", "SuperDuperGame.Model\SuperDuperGame.Model.csproj", "{24546B81-886A-49D5-B6DF-7BB7D22A75E0}"
EndProject
Project("{FAE04EC0-301F-11D3-BF4B-00C04F79EFBC}") = "SuperDuperGame.Model.Test", "SuperDuperGame.Model.Test\SuperDuperGame.Model.Test.csproj", "{337FBD55-B99D-48B6-A806-14A45E684111}"
EndProject
Global
	GlobalSection(SolutionConfigurationPlatforms) = preSolution
		Debug|Any CPU = Debug|Any CPU
		Release|Any CPU = Release|Any CPU
	EndGlobalSection
	GlobalSection(ProjectConfigurationPlatforms) = postSolution
		{5B3E825A-7DCB-439F-B075-5B5B970B7FBA}.Debug|Any CPU.ActiveCfg = Debug|Any CPU
		{5B3E825A-7DCB-439F-B075-5B5B970B7FBA}.Debug|Any CPU.Build.0 = Debug|Any CPU
		{5B3E825A-7DCB-439F-B075-5B5B970B7FBA}.Release|Any CPU.ActiveCfg = Release|Any CPU
		{5B3E825A-7DCB-439F-B075-5B5B970B7FBA}.Release|Any CPU.Build.0 = Release|Any CPU
		{24546B81-886A-49D5-B6DF-7BB7D22A75E0}.Debug|Any CPU.ActiveCfg = Debug|Any CPU
		{24546B81-886A-49D5-B6DF-7BB7D22A75E0}.Debug|Any CPU.Build.0 = Debug|Any CPU
		{24546B81-886A-49D5-B6DF-7BB7D22A75E0}.Release|Any CPU.ActiveCfg = Release|Any CPU
		{24546B81-886A-49D5-B6DF-7BB7D22A75E0}.Release|Any CPU.Build.0 = Release|Any CPU
		{337FBD55-B99D-48B6-A806-14A45E684111}.Debug|Any CPU.ActiveCfg = Debug|Any CPU
		{337FBD55-B99D-48B6-A806-14A45E684111}.Debug|Any CPU.Build.0 = Debug|Any CPU
		{337FBD55-B99D-48B6-A806-14A45E684111}.Release|Any CPU.ActiveCfg = Release|Any CPU
		{337FBD55-B99D-48B6-A806-14A45E684111}.Release|Any CPU.Build.0 = Release|Any CPU
	EndGlobalSection
	GlobalSection(SolutionProperties) = preSolution
		HideSolutionNode = FALSE
	EndGlobalSection
	GlobalSection(ExtensibilityGlobals) = postSolution
		SolutionGuid = {B1E7374A-D137-4253-B1C1-E0A03A8658E2}
	EndGlobalSection
EndGlobal
